
Microsoft Visual Studio Solution File, Format Version 12.00
# Visual Studio Version 17
VisualStudioVersion = 17.7.34031.279
MinimumVisualStudioVersion = 10.0.40219.1
Project("{FAE04EC0-301F-11D3-BF4B-00C04F79EFBC}") = "Ежеднеквник", "Ежеднеквник\Ежеднеквник.csproj", "{8832C53D-210C-42DA-8E53-1EC1F13A3DDC}"
EndProject
Global
	GlobalSection(SolutionConfigurationPlatforms) = preSolution
		Debug|Any CPU = Debug|Any CPU
		Release|Any CPU = Release|Any CPU
	EndGlobalSection
	GlobalSection(ProjectConfigurationPlatforms) = postSolution
		{8832C53D-210C-42DA-8E53-1EC1F13A3DDC}.Debug|Any CPU.ActiveCfg = Debug|Any CPU
		{8832C53D-210C-42DA-8E53-1EC1F13A3DDC}.Debug|Any CPU.Build.0 = Debug|Any CPU
		{8832C53D-210C-42DA-8E53-1EC1F13A3DDC}.Release|Any CPU.ActiveCfg = Release|Any CPU
		{8832C53D-210C-42DA-8E53-1EC1F13A3DDC}.Release|Any CPU.Build.0 = Release|Any CPU
	EndGlobalSection
	GlobalSection(SolutionProperties) = preSolution
		HideSolutionNode = FALSE
	EndGlobalSection
	GlobalSection(ExtensibilityGlobals) = postSolution
		SolutionGuid = {1E7629DC-5B82-4D9F-83E5-638E02A556E4}
	EndGlobalSection
EndGlobal
